Microsoft Visual Studio Solution File, Format Version 12.00
# Visual Studio Version 17
VisualStudioVersion = 17.0.31903.59
MinimumVisualStudioVersion = 10.0.40219.1
Project("{2150E333-8FDC-42A3-9474-1A3956D46DE8}") = "src", "src", "{B1234567-1234-1234-1234-123456789ABC}"
EndProject
Project("{2150E333-8FDC-42A3-9474-1A3956D46DE8}") = "tests", "tests", "{C1234567-1234-1234-1234-123456789ABC}"
EndProject
Project("{2150E333-8FDC-42A3-9474-1A3956D46DE8}") = "Domain", "Domain", "{D1234567-1234-1234-1234-123456789ABC}"
EndProject
Project("{2150E333-8FDC-42A3-9474-1A3956D46DE8}") = "Application", "Application", "{E1234567-1234-1234-1234-123456789ABC}"
EndProject
Project("{2150E333-8FDC-42A3-9474-1A3956D46DE8}") = "Infrastructure", "Infrastructure", "{F1234567-1234-1234-1234-123456789ABC}"
EndProject
Project("{FAE04EC0-301F-11D3-BF4B-00C04F79EFBC}") = "CQRSDemo.Domain", "src\Domain\CQRSDemo.Domain\CQRSDemo.Domain.csproj", "{11111111-1111-1111-1111-111111111111}"
EndProject
Project("{FAE04EC0-301F-11D3-BF4B-00C04F79EFBC}") = "CQRSDemo.Application", "src\Application\CQRSDemo.Application\CQRSDemo.Application.csproj", "{22222222-2222-2222-2222-222222222222}"
EndProject
Project("{FAE04EC0-301F-11D3-BF4B-00C04F79EFBC}") = "CQRSDemo.Infrastructure", "src\Infrastructure\CQRSDemo.Infrastructure\CQRSDemo.Infrastructure.csproj", "{33333333-3333-3333-3333-333333333333}"
EndProject
Project("{FAE04EC0-301F-11D3-BF4B-00C04F79EFBC}") = "CQRSDemo.Api", "src\Api\CQRSDemo.Api\CQRSDemo.Api.csproj", "{44444444-4444-4444-4444-444444444444}"
EndProject
Project("{FAE04EC0-301F-11D3-BF4B-00C04F79EFBC}") = "CQRSDemo.UnitTests", "tests\CQRSDemo.UnitTests\CQRSDemo.UnitTests.csproj", "{55555555-5555-5555-5555-555555555555}"
EndProject
Project("{FAE04EC0-301F-11D3-BF4B-00C04F79EFBC}") = "CQRSDemo.IntegrationTests", "tests\CQRSDemo.IntegrationTests\CQRSDemo.IntegrationTests.csproj", "{66666666-6666-6666-6666-666666666666}"
EndProject
Global
	GlobalSection(SolutionConfigurationPlatforms) = preSolution
		Debug|Any CPU = Debug|Any CPU
		Release|Any CPU = Release|Any CPU
	EndGlobalSection
	GlobalSection(ProjectConfigurationPlatforms) = postSolution
		{11111111-1111-1111-1111-111111111111}.Debug|Any CPU.ActiveCfg = Debug|Any CPU
		{11111111-1111-1111-1111-111111111111}.Debug|Any CPU.Build.0 = Debug|Any CPU
		{11111111-1111-1111-1111-111111111111}.Release|Any CPU.ActiveCfg = Release|Any CPU
		{11111111-1111-1111-1111-111111111111}.Release|Any CPU.Build.0 = Release|Any CPU
		{22222222-2222-2222-2222-222222222222}.Debug|Any CPU.ActiveCfg = Debug|Any CPU
		{22222222-2222-2222-2222-222222222222}.Debug|Any CPU.Build.0 = Debug|Any CPU
		{22222222-2222-2222-2222-222222222222}.Release|Any CPU.ActiveCfg = Release|Any CPU
		{22222222-2222-2222-2222-222222222222}.Release|Any CPU.Build.0 = Release|Any CPU
		{33333333-3333-3333-3333-333333333333}.Debug|Any CPU.ActiveCfg = Debug|Any CPU
		{33333333-3333-3333-3333-333333333333}.Debug|Any CPU.Build.0 = Debug|Any CPU
		{33333333-3333-3333-3333-333333333333}.Release|Any CPU.ActiveCfg = Release|Any CPU
		{33333333-3333-3333-3333-333333333333}.Release|Any CPU.Build.0 = Release|Any CPU
		{44444444-4444-4444-4444-444444444444}.Debug|Any CPU.ActiveCfg = Debug|Any CPU
		{44444444-4444-4444-4444-444444444444}.Debug|Any CPU.Build.0 = Debug|Any CPU
		{44444444-4444-4444-4444-444444444444}.Release|Any CPU.ActiveCfg = Release|Any CPU
		{44444444-4444-4444-4444-444444444444}.Release|Any CPU.Build.0 = Release|Any CPU
		{55555555-5555-5555-5555-555555555555}.Debug|Any CPU.ActiveCfg = Debug|Any CPU
		{55555555-5555-5555-5555-555555555555}.Debug|Any CPU.Build.0 = Debug|Any CPU
		{55555555-5555-5555-5555-555555555555}.Release|Any CPU.ActiveCfg = Release|Any CPU
		{55555555-5555-5555-5555-555555555555}.Release|Any CPU.Build.0 = Release|Any CPU
		{66666666-6666-6666-6666-666666666666}.Debug|Any CPU.ActiveCfg = Debug|Any CPU
		{66666666-6666-6666-6666-666666666666}.Debug|Any CPU.Build.0 = Debug|Any CPU
		{66666666-6666-6666-6666-666666666666}.Release|Any CPU.ActiveCfg = Release|Any CPU
		{66666666-6666-6666-6666-666666666666}.Release|Any CPU.Build.0 = Release|Any CPU
	EndGlobalSection
	GlobalSection(NestedProjects) = preSolution
		{11111111-1111-1111-1111-111111111111} = {D1234567-1234-1234-1234-123456789ABC}
		{22222222-2222-2222-2222-222222222222} = {E1234567-1234-1234-1234-123456789ABC}
		{33333333-3333-3333-3333-333333333333} = {F1234567-1234-1234-1234-123456789ABC}
		{44444444-4444-4444-4444-444444444444} = {B1234567-1234-1234-1234-123456789ABC}
		{55555555-5555-5555-5555-555555555555} = {C1234567-1234-1234-1234-123456789ABC}
		{66666666-6666-6666-6666-666666666666} = {C1234567-1234-1234-1234-123456789ABC}
		{B1234567-1234-1234-1234-123456789ABC} = {B1234567-1234-1234-1234-123456789ABC}
		{C1234567-1234-1234-1234-123456789ABC} = {C1234567-1234-1234-1234-123456789ABC}
		{D1234567-1234-1234-1234-123456789ABC} = {B1234567-1234-1234-1234-123456789ABC}
		{E1234567-1234-1234-1234-123456789ABC} = {B1234567-1234-1234-1234-123456789ABC}
		{F1234567-1234-1234-1234-123456789ABC} = {B1234567-1234-1234-1234-123456789ABC}
	EndGlobalSection
EndGlobal
